Microsoft Visual Studio Solution File, Format Version 12.00
# Visual Studio 15
VisualStudioVersion = 15.0.26403.7
MinimumVisualStudioVersion = 15.0.26124.0
Project("{2150E333-8FDC-42A3-9474-1A3956D46DE8}") = "src", "src", "{A161D490-D57B-4C01-A911-69C5ECE7BFB9}"
EndProject
Project("{9A19103F-16F7-4668-BE54-9A1E7A4F7556}") = "TrivialWebApiWithActor", "src\TrivialWebApiWithActor\TrivialWebApiWithActor.csproj", "{FD393354-7917-4A1C-B539-02AC4D627AC2}"
EndProject
Project("{FAE04EC0-301F-11D3-BF4B-00C04F79EFBC}") = "WampWithActors", "src\WampWithActors\WampWithActors.csproj", "{6DD09D55-6AD0-4371-B462-C9C22A3DBB8D}"
EndProject
Project("{FAE04EC0-301F-11D3-BF4B-00C04F79EFBC}") = "JSClient", "src\JSClient\JSClient.csproj", "{AAC26B85-4F21-4753-8912-58ED3962BFF5}"
EndProject
Project("{FAE04EC0-301F-11D3-BF4B-00C04F79EFBC}") = "WampClusterMonitor", "src\WampClusterMonitor\WampClusterMonitor.csproj", "{5222DEFF-3159-4435-AA59-43DDCA998CF0}"
EndProject
Project("{2150E333-8FDC-42A3-9474-1A3956D46DE8}") = "InnovationDemo", "InnovationDemo", "{D7DA51D5-AB69-495E-AF1F-71CB30A4F408}"
EndProject
Project("{FAE04EC0-301F-11D3-BF4B-00C04F79EFBC}") = "Contracts", "src\InnovationDemo\Contracts\Contracts.csproj", "{17EB1221-EC3D-48F5-965D-4090D0C45E2F}"
EndProject
Project("{FAE04EC0-301F-11D3-BF4B-00C04F79EFBC}") = "SimpleClient", "src\InnovationDemo\SimpleClient\SimpleClient.csproj", "{B325F870-F617-43C1-BB12-67BD4DB8BA5A}"
EndProject
Project("{FAE04EC0-301F-11D3-BF4B-00C04F79EFBC}") = "ClusterServers", "src\InnovationDemo\ClusterServers\ClusterServers.csproj", "{6C87D583-5468-4532-A9E5-C36E972BF0FA}"
EndProject
Project("{FAE04EC0-301F-11D3-BF4B-00C04F79EFBC}") = "ClusterDemo.Actors", "src\ClusterDemo.Actors\ClusterDemo.Actors.csproj", "{38AE314D-6188-4226-BB37-AC20E80FC49D}"
EndProject
Project("{2150E333-8FDC-42A3-9474-1A3956D46DE8}") = "Solution Items", "Solution Items", "{6713C37E-F0A5-4D95-A242-39DD5BD3B4FD}"
	ProjectSection(SolutionItems) = preProject
		.editorconfig = .editorconfig
	EndProjectSection
EndProject
Project("{FAE04EC0-301F-11D3-BF4B-00C04F79EFBC}") = "ClusterDemo.ClusterNodeHost", "src\ClusterDemo.ClusterNodeHost\ClusterDemo.ClusterNodeHost.csproj", "{2B7CB6D9-0831-401F-92D1-6801FD72FD78}"
EndProject
Project("{FAE04EC0-301F-11D3-BF4B-00C04F79EFBC}") = "ClusterDemo.UI", "src\ClusterDemo.UI\ClusterDemo.UI.csproj", "{B9DB8EF8-DC3E-4A37-823F-C74F22C7B8B1}"
EndProject
Project("{FAE04EC0-301F-11D3-BF4B-00C04F79EFBC}") = "ClusterDemo.Client", "src\ClusterDemo.Client\ClusterDemo.Client.csproj", "{BAFC6CE6-13C6-464A-A1D0-4142C0A46EAF}"
EndProject
Global
	GlobalSection(SolutionConfigurationPlatforms) = preSolution
		Debug|Any CPU = Debug|Any CPU
		Debug|x64 = Debug|x64
		Debug|x86 = Debug|x86
		Release|Any CPU = Release|Any CPU
		Release|x64 = Release|x64
		Release|x86 = Release|x86
	EndGlobalSection
	GlobalSection(ProjectConfigurationPlatforms) = postSolution
		{FD393354-7917-4A1C-B539-02AC4D627AC2}.Debug|Any CPU.ActiveCfg = Debug|Any CPU
		{FD393354-7917-4A1C-B539-02AC4D627AC2}.Debug|Any CPU.Build.0 = Debug|Any CPU
		{FD393354-7917-4A1C-B539-02AC4D627AC2}.Debug|x64.ActiveCfg = Debug|Any CPU
		{FD393354-7917-4A1C-B539-02AC4D627AC2}.Debug|x64.Build.0 = Debug|Any CPU
		{FD393354-7917-4A1C-B539-02AC4D627AC2}.Debug|x86.ActiveCfg = Debug|Any CPU
		{FD393354-7917-4A1C-B539-02AC4D627AC2}.Debug|x86.Build.0 = Debug|Any CPU
		{FD393354-7917-4A1C-B539-02AC4D627AC2}.Release|Any CPU.ActiveCfg = Release|Any CPU
		{FD393354-7917-4A1C-B539-02AC4D627AC2}.Release|Any CPU.Build.0 = Release|Any CPU
		{FD393354-7917-4A1C-B539-02AC4D627AC2}.Release|x64.ActiveCfg = Release|Any CPU
		{FD393354-7917-4A1C-B539-02AC4D627AC2}.Release|x64.Build.0 = Release|Any CPU
		{FD393354-7917-4A1C-B539-02AC4D627AC2}.Release|x86.ActiveCfg = Release|Any CPU
		{FD393354-7917-4A1C-B539-02AC4D627AC2}.Release|x86.Build.0 = Release|Any CPU
		{6DD09D55-6AD0-4371-B462-C9C22A3DBB8D}.Debug|Any CPU.ActiveCfg = Debug|Any CPU
		{6DD09D55-6AD0-4371-B462-C9C22A3DBB8D}.Debug|Any CPU.Build.0 = Debug|Any CPU
		{6DD09D55-6AD0-4371-B462-C9C22A3DBB8D}.Debug|x64.ActiveCfg = Debug|Any CPU
		{6DD09D55-6AD0-4371-B462-C9C22A3DBB8D}.Debug|x64.Build.0 = Debug|Any CPU
		{6DD09D55-6AD0-4371-B462-C9C22A3DBB8D}.Debug|x86.ActiveCfg = Debug|Any CPU
		{6DD09D55-6AD0-4371-B462-C9C22A3DBB8D}.Debug|x86.Build.0 = Debug|Any CPU
		{6DD09D55-6AD0-4371-B462-C9C22A3DBB8D}.Release|Any CPU.ActiveCfg = Release|Any CPU
		{6DD09D55-6AD0-4371-B462-C9C22A3DBB8D}.Release|Any CPU.Build.0 = Release|Any CPU
		{6DD09D55-6AD0-4371-B462-C9C22A3DBB8D}.Release|x64.ActiveCfg = Release|Any CPU
		{6DD09D55-6AD0-4371-B462-C9C22A3DBB8D}.Release|x64.Build.0 = Release|Any CPU
		{6DD09D55-6AD0-4371-B462-C9C22A3DBB8D}.Release|x86.ActiveCfg = Release|Any CPU
		{6DD09D55-6AD0-4371-B462-C9C22A3DBB8D}.Release|x86.Build.0 = Release|Any CPU
		{AAC26B85-4F21-4753-8912-58ED3962BFF5}.Debug|Any CPU.ActiveCfg = Debug|Any CPU
		{AAC26B85-4F21-4753-8912-58ED3962BFF5}.Debug|Any CPU.Build.0 = Debug|Any CPU
		{AAC26B85-4F21-4753-8912-58ED3962BFF5}.Debug|x64.ActiveCfg = Debug|Any CPU
		{AAC26B85-4F21-4753-8912-58ED3962BFF5}.Debug|x64.Build.0 = Debug|Any CPU
		{AAC26B85-4F21-4753-8912-58ED3962BFF5}.Debug|x86.ActiveCfg = Debug|Any CPU
		{AAC26B85-4F21-4753-8912-58ED3962BFF5}.Debug|x86.Build.0 = Debug|Any CPU
		{AAC26B85-4F21-4753-8912-58ED3962BFF5}.Release|Any CPU.ActiveCfg = Release|Any CPU
		{AAC26B85-4F21-4753-8912-58ED3962BFF5}.Release|Any CPU.Build.0 = Release|Any CPU
		{AAC26B85-4F21-4753-8912-58ED3962BFF5}.Release|x64.ActiveCfg = Release|Any CPU
		{AAC26B85-4F21-4753-8912-58ED3962BFF5}.Release|x64.Build.0 = Release|Any CPU
		{AAC26B85-4F21-4753-8912-58ED3962BFF5}.Release|x86.ActiveCfg = Release|Any CPU
		{AAC26B85-4F21-4753-8912-58ED3962BFF5}.Release|x86.Build.0 = Release|Any CPU
		{5222DEFF-3159-4435-AA59-43DDCA998CF0}.Debug|Any CPU.ActiveCfg = Debug|Any CPU
		{5222DEFF-3159-4435-AA59-43DDCA998CF0}.Debug|Any CPU.Build.0 = Debug|Any CPU
		{5222DEFF-3159-4435-AA59-43DDCA998CF0}.Debug|x64.ActiveCfg = Debug|Any CPU
		{5222DEFF-3159-4435-AA59-43DDCA998CF0}.Debug|x64.Build.0 = Debug|Any CPU
		{5222DEFF-3159-4435-AA59-43DDCA998CF0}.Debug|x86.ActiveCfg = Debug|Any CPU
		{5222DEFF-3159-4435-AA59-43DDCA998CF0}.Debug|x86.Build.0 = Debug|Any CPU
		{5222DEFF-3159-4435-AA59-43DDCA998CF0}.Release|Any CPU.ActiveCfg = Release|Any CPU
		{5222DEFF-3159-4435-AA59-43DDCA998CF0}.Release|Any CPU.Build.0 = Release|Any CPU
		{5222DEFF-3159-4435-AA59-43DDCA998CF0}.Release|x64.ActiveCfg = Release|Any CPU
		{5222DEFF-3159-4435-AA59-43DDCA998CF0}.Release|x64.Build.0 = Release|Any CPU
		{5222DEFF-3159-4435-AA59-43DDCA998CF0}.Release|x86.ActiveCfg = Release|Any CPU
		{5222DEFF-3159-4435-AA59-43DDCA998CF0}.Release|x86.Build.0 = Release|Any CPU
		{17EB1221-EC3D-48F5-965D-4090D0C45E2F}.Debug|Any CPU.ActiveCfg = Debug|Any CPU
		{17EB1221-EC3D-48F5-965D-4090D0C45E2F}.Debug|Any CPU.Build.0 = Debug|Any CPU
		{17EB1221-EC3D-48F5-965D-4090D0C45E2F}.Debug|x64.ActiveCfg = Debug|Any CPU
		{17EB1221-EC3D-48F5-965D-4090D0C45E2F}.Debug|x64.Build.0 = Debug|Any CPU
		{17EB1221-EC3D-48F5-965D-4090D0C45E2F}.Debug|x86.ActiveCfg = Debug|Any CPU
		{17EB1221-EC3D-48F5-965D-4090D0C45E2F}.Debug|x86.Build.0 = Debug|Any CPU
		{17EB1221-EC3D-48F5-965D-4090D0C45E2F}.Release|Any CPU.ActiveCfg = Release|Any CPU
		{17EB1221-EC3D-48F5-965D-4090D0C45E2F}.Release|Any CPU.Build.0 = Release|Any CPU
		{17EB1221-EC3D-48F5-965D-4090D0C45E2F}.Release|x64.ActiveCfg = Release|Any CPU
		{17EB1221-EC3D-48F5-965D-4090D0C45E2F}.Release|x64.Build.0 = Release|Any CPU
		{17EB1221-EC3D-48F5-965D-4090D0C45E2F}.Release|x86.ActiveCfg = Release|Any CPU
		{17EB1221-EC3D-48F5-965D-4090D0C45E2F}.Release|x86.Build.0 = Release|Any CPU
		{B325F870-F617-43C1-BB12-67BD4DB8BA5A}.Debug|Any CPU.ActiveCfg = Debug|Any CPU
		{B325F870-F617-43C1-BB12-67BD4DB8BA5A}.Debug|Any CPU.Build.0 = Debug|Any CPU
		{B325F870-F617-43C1-BB12-67BD4DB8BA5A}.Debug|x64.ActiveCfg = Debug|Any CPU
		{B325F870-F617-43C1-BB12-67BD4DB8BA5A}.Debug|x64.Build.0 = Debug|Any CPU
		{B325F870-F617-43C1-BB12-67BD4DB8BA5A}.Debug|x86.ActiveCfg = Debug|Any CPU
		{B325F870-F617-43C1-BB12-67BD4DB8BA5A}.Debug|x86.Build.0 = Debug|Any CPU
		{B325F870-F617-43C1-BB12-67BD4DB8BA5A}.Release|Any CPU.ActiveCfg = Release|Any CPU
		{B325F870-F617-43C1-BB12-67BD4DB8BA5A}.Release|Any CPU.Build.0 = Release|Any CPU
		{B325F870-F617-43C1-BB12-67BD4DB8BA5A}.Release|x64.ActiveCfg = Release|Any CPU
		{B325F870-F617-43C1-BB12-67BD4DB8BA5A}.Release|x64.Build.0 = Release|Any CPU
		{B325F870-F617-43C1-BB12-67BD4DB8BA5A}.Release|x86.ActiveCfg = Release|Any CPU
		{B325F870-F617-43C1-BB12-67BD4DB8BA5A}.Release|x86.Build.0 = Release|Any CPU
		{6C87D583-5468-4532-A9E5-C36E972BF0FA}.Debug|Any CPU.ActiveCfg = Debug|Any CPU
		{6C87D583-5468-4532-A9E5-C36E972BF0FA}.Debug|Any CPU.Build.0 = Debug|Any CPU
		{6C87D583-5468-4532-A9E5-C36E972BF0FA}.Debug|x64.ActiveCfg = Debug|Any CPU
		{6C87D583-5468-4532-A9E5-C36E972BF0FA}.Debug|x64.Build.0 = Debug|Any CPU
		{6C87D583-5468-4532-A9E5-C36E972BF0FA}.Debug|x86.ActiveCfg = Debug|Any CPU
		{6C87D583-5468-4532-A9E5-C36E972BF0FA}.Debug|x86.Build.0 = Debug|Any CPU
		{6C87D583-5468-4532-A9E5-C36E972BF0FA}.Release|Any CPU.ActiveCfg = Release|Any CPU
		{6C87D583-5468-4532-A9E5-C36E972BF0FA}.Release|Any CPU.Build.0 = Release|Any CPU
		{6C87D583-5468-4532-A9E5-C36E972BF0FA}.Release|x64.ActiveCfg = Release|Any CPU
		{6C87D583-5468-4532-A9E5-C36E972BF0FA}.Release|x64.Build.0 = Release|Any CPU
		{6C87D583-5468-4532-A9E5-C36E972BF0FA}.Release|x86.ActiveCfg = Release|Any CPU
		{6C87D583-5468-4532-A9E5-C36E972BF0FA}.Release|x86.Build.0 = Release|Any CPU
		{38AE314D-6188-4226-BB37-AC20E80FC49D}.Debug|Any CPU.ActiveCfg = Debug|Any CPU
		{38AE314D-6188-4226-BB37-AC20E80FC49D}.Debug|Any CPU.Build.0 = Debug|Any CPU
		{38AE314D-6188-4226-BB37-AC20E80FC49D}.Debug|x64.ActiveCfg = Debug|Any CPU
		{38AE314D-6188-4226-BB37-AC20E80FC49D}.Debug|x64.Build.0 = Debug|Any CPU
		{38AE314D-6188-4226-BB37-AC20E80FC49D}.Debug|x86.ActiveCfg = Debug|Any CPU
		{38AE314D-6188-4226-BB37-AC20E80FC49D}.Debug|x86.Build.0 = Debug|Any CPU
		{38AE314D-6188-4226-BB37-AC20E80FC49D}.Release|Any CPU.ActiveCfg = Release|Any CPU
		{38AE314D-6188-4226-BB37-AC20E80FC49D}.Release|Any CPU.Build.0 = Release|Any CPU
		{38AE314D-6188-4226-BB37-AC20E80FC49D}.Release|x64.ActiveCfg = Release|Any CPU
		{38AE314D-6188-4226-BB37-AC20E80FC49D}.Release|x64.Build.0 = Release|Any CPU
		{38AE314D-6188-4226-BB37-AC20E80FC49D}.Release|x86.ActiveCfg = Release|Any CPU
		{38AE314D-6188-4226-BB37-AC20E80FC49D}.Release|x86.Build.0 = Release|Any CPU
		{2B7CB6D9-0831-401F-92D1-6801FD72FD78}.Debug|Any CPU.ActiveCfg = Debug|Any CPU
		{2B7CB6D9-0831-401F-92D1-6801FD72FD78}.Debug|Any CPU.Build.0 = Debug|Any CPU
		{2B7CB6D9-0831-401F-92D1-6801FD72FD78}.Debug|x64.ActiveCfg = Debug|Any CPU
		{2B7CB6D9-0831-401F-92D1-6801FD72FD78}.Debug|x64.Build.0 = Debug|Any CPU
		{2B7CB6D9-0831-401F-92D1-6801FD72FD78}.Debug|x86.ActiveCfg = Debug|Any CPU
		{2B7CB6D9-0831-401F-92D1-6801FD72FD78}.Debug|x86.Build.0 = Debug|Any CPU
		{2B7CB6D9-0831-401F-92D1-6801FD72FD78}.Release|Any CPU.ActiveCfg = Release|Any CPU
		{2B7CB6D9-0831-401F-92D1-6801FD72FD78}.Release|Any CPU.Build.0 = Release|Any CPU
		{2B7CB6D9-0831-401F-92D1-6801FD72FD78}.Release|x64.ActiveCfg = Release|Any CPU
		{2B7CB6D9-0831-401F-92D1-6801FD72FD78}.Release|x64.Build.0 = Release|Any CPU
		{2B7CB6D9-0831-401F-92D1-6801FD72FD78}.Release|x86.ActiveCfg = Release|Any CPU
		{2B7CB6D9-0831-401F-92D1-6801FD72FD78}.Release|x86.Build.0 = Release|Any CPU
		{B9DB8EF8-DC3E-4A37-823F-C74F22C7B8B1}.Debug|Any CPU.ActiveCfg = Debug|Any CPU
		{B9DB8EF8-DC3E-4A37-823F-C74F22C7B8B1}.Debug|Any CPU.Build.0 = Debug|Any CPU
		{B9DB8EF8-DC3E-4A37-823F-C74F22C7B8B1}.Debug|x64.ActiveCfg = Debug|Any CPU
		{B9DB8EF8-DC3E-4A37-823F-C74F22C7B8B1}.Debug|x64.Build.0 = Debug|Any CPU
		{B9DB8EF8-DC3E-4A37-823F-C74F22C7B8B1}.Debug|x86.ActiveCfg = Debug|Any CPU
		{B9DB8EF8-DC3E-4A37-823F-C74F22C7B8B1}.Debug|x86.Build.0 = Debug|Any CPU
		{B9DB8EF8-DC3E-4A37-823F-C74F22C7B8B1}.Release|Any CPU.ActiveCfg = Release|Any CPU
		{B9DB8EF8-DC3E-4A37-823F-C74F22C7B8B1}.Release|Any CPU.Build.0 = Release|Any CPU
		{B9DB8EF8-DC3E-4A37-823F-C74F22C7B8B1}.Release|x64.ActiveCfg = Release|Any CPU
		{B9DB8EF8-DC3E-4A37-823F-C74F22C7B8B1}.Release|x64.Build.0 = Release|Any CPU
		{B9DB8EF8-DC3E-4A37-823F-C74F22C7B8B1}.Release|x86.ActiveCfg = Release|Any CPU
		{B9DB8EF8-DC3E-4A37-823F-C74F22C7B8B1}.Release|x86.Build.0 = Release|Any CPU
		{BAFC6CE6-13C6-464A-A1D0-4142C0A46EAF}.Debug|Any CPU.ActiveCfg = Debug|Any CPU
		{BAFC6CE6-13C6-464A-A1D0-4142C0A46EAF}.Debug|Any CPU.Build.0 = Debug|Any CPU
		{BAFC6CE6-13C6-464A-A1D0-4142C0A46EAF}.Debug|x64.ActiveCfg = Debug|Any CPU
		{BAFC6CE6-13C6-464A-A1D0-4142C0A46EAF}.Debug|x64.Build.0 = Debug|Any CPU
		{BAFC6CE6-13C6-464A-A1D0-4142C0A46EAF}.Debug|x86.ActiveCfg = Debug|Any CPU
		{BAFC6CE6-13C6-464A-A1D0-4142C0A46EAF}.Debug|x86.Build.0 = Debug|Any CPU
		{BAFC6CE6-13C6-464A-A1D0-4142C0A46EAF}.Release|Any CPU.ActiveCfg = Release|Any CPU
		{BAFC6CE6-13C6-464A-A1D0-4142C0A46EAF}.Release|Any CPU.Build.0 = Release|Any CPU
		{BAFC6CE6-13C6-464A-A1D0-4142C0A46EAF}.Release|x64.ActiveCfg = Release|Any CPU
		{BAFC6CE6-13C6-464A-A1D0-4142C0A46EAF}.Release|x64.Build.0 = Release|Any CPU
		{BAFC6CE6-13C6-464A-A1D0-4142C0A46EAF}.Release|x86.ActiveCfg = Release|Any CPU
		{BAFC6CE6-13C6-464A-A1D0-4142C0A46EAF}.Release|x86.Build.0 = Release|Any CPU
	EndGlobalSection
	GlobalSection(SolutionProperties) = preSolution
		HideSolutionNode = FALSE
	EndGlobalSection
	GlobalSection(NestedProjects) = preSolution
		{FD393354-7917-4A1C-B539-02AC4D627AC2} = {A161D490-D57B-4C01-A911-69C5ECE7BFB9}
		{6DD09D55-6AD0-4371-B462-C9C22A3DBB8D} = {A161D490-D57B-4C01-A911-69C5ECE7BFB9}
		{AAC26B85-4F21-4753-8912-58ED3962BFF5} = {A161D490-D57B-4C01-A911-69C5ECE7BFB9}
		{5222DEFF-3159-4435-AA59-43DDCA998CF0} = {A161D490-D57B-4C01-A911-69C5ECE7BFB9}
		{D7DA51D5-AB69-495E-AF1F-71CB30A4F408} = {A161D490-D57B-4C01-A911-69C5ECE7BFB9}
		{17EB1221-EC3D-48F5-965D-4090D0C45E2F} = {D7DA51D5-AB69-495E-AF1F-71CB30A4F408}
		{B325F870-F617-43C1-BB12-67BD4DB8BA5A} = {D7DA51D5-AB69-495E-AF1F-71CB30A4F408}
		{6C87D583-5468-4532-A9E5-C36E972BF0FA} = {D7DA51D5-AB69-495E-AF1F-71CB30A4F408}
		{38AE314D-6188-4226-BB37-AC20E80FC49D} = {A161D490-D57B-4C01-A911-69C5ECE7BFB9}
		{2B7CB6D9-0831-401F-92D1-6801FD72FD78} = {A161D490-D57B-4C01-A911-69C5ECE7BFB9}
		{B9DB8EF8-DC3E-4A37-823F-C74F22C7B8B1} = {A161D490-D57B-4C01-A911-69C5ECE7BFB9}
		{BAFC6CE6-13C6-464A-A1D0-4142C0A46EAF} = {A161D490-D57B-4C01-A911-69C5ECE7BFB9}
	EndGlobalSection
EndGlobal
